schema: '2.0'
stages:
  data_ingestion:
    cmd: python src/cnnClassifier/pipeline/stage_01_data_ingestion.py
    deps:
    - path: config/config.yaml
      hash: md5
      md5: 0dc20ddcb7c219edef94990ca5f40532
      size: 916
    - path: src/cnnClassifier/pipeline/stage_01_data_ingestion.py
      hash: md5
      md5: 02d175405cd7dce8af5698ef5a80e7b5
      size: 961
    outs:
    - path: artifacts/data_ingestion/Chest-CT-Scan-data
      hash: md5
      md5: 904fa45d934ce879b3b1933dca6cb2f1.dir
      size: 49247431
      nfiles: 343
  prepare_base_model:
    cmd: python src/cnnClassifier/pipeline/stage_02_prepare_base_model.py
    deps:
    - path: config/config.yaml
      hash: md5
      md5: 0dc20ddcb7c219edef94990ca5f40532
      size: 916
    - path: src/cnnClassifier/pipeline/stage_02_prepare_base_model.py
      hash: md5
      md5: d0b318912e14cba774bc78054a865a26
      size: 1035
    params:
      params.yaml:
        CLASSES: 2
        IMAGE_SIZE:
        - 224
        - 224
        - 3
        INCLUDE_TOP: false
        LEARNING_RATE: 0.02
        WEIGHTS: imagenet
    outs:
    - path: artifacts/prepare_base_model
      hash: md5
      md5: 4812b0ee7af1b9b27a9963ef7716f227.dir
      size: 118054560
      nfiles: 2
  training:
    cmd: python src/cnnClassifier/pipeline/stage_03_model_trainer.py
    deps:
    - path: artifacts/data_ingestion/Chest-CT-Scan-data
      hash: md5
      md5: 904fa45d934ce879b3b1933dca6cb2f1.dir
      size: 49247431
      nfiles: 343
    - path: artifacts/prepare_base_model
      hash: md5
      md5: 4812b0ee7af1b9b27a9963ef7716f227.dir
      size: 118054560
      nfiles: 2
    - path: config/config.yaml
      hash: md5
      md5: 0dc20ddcb7c219edef94990ca5f40532
      size: 916
    - path: src/cnnClassifier/pipeline/stage_03_model_trainer.py
      hash: md5
      md5: 157b180de9054b81b8f2cfca8239e9dd
      size: 920
    params:
      params.yaml:
        AUGMENTATION: true
        BATCH_SIZE: 16
        EPOCHS: 1
        IMAGE_SIZE:
        - 224
        - 224
        - 3
    outs:
    - path: artifacts/training/model.h5
      hash: md5
      md5: 35c8cdaed43765c44be0d44cdbc78a46
      size: 59337520
  evaluation_mlflow:
    cmd: python src/cnnClassifier/pipeline/stage_04_evaluation_mlflow.py
    deps:
    - path: artifacts/data_ingestion/Chest-CT-Scan-data
      hash: md5
      md5: 904fa45d934ce879b3b1933dca6cb2f1.dir
      size: 49247431
      nfiles: 343
    - path: artifacts/training/model.h5
      hash: md5
      md5: 35c8cdaed43765c44be0d44cdbc78a46
      size: 59337520
    - path: config/config.yaml
      hash: md5
      md5: 0dc20ddcb7c219edef94990ca5f40532
      size: 916
    - path: src/cnnClassifier/pipeline/stage_04_evaluation_mlflow.py
      hash: md5
      md5: 23e8d5c709c5861d793dc0f2ad7dcb83
      size: 889
    params:
      params.yaml:
        BATCH_SIZE: 16
        IMAGE_SIZE:
        - 224
        - 224
        - 3
    outs:
    - path: scores.json
      hash: md5
      md5: 9e0f1e7f45db5a6760f9b938978dc840
      size: 73
